{
  "version": 4,
  "terraform_version": "1.11.4",
  "serial": 13,
  "lineage": "5b01ecce-4548-1da9-8a4b-8d12c44fab6e",
  "outputs": {},
  "resources": [
    {
      "mode": "managed",
      "type": "google_storage_bucket",
      "name": "website_bucket",
      "provider": "provider[\"registry.terraform.io/hashicorp/google\"]",
      "instances": [
        {
          "schema_version": 3,
          "attributes": {
            "autoclass": [],
            "cors": [],
            "custom_placement_config": [],
            "default_event_based_hold": false,
            "effective_labels": {
              "goog-terraform-provisioned": "true"
            },
            "enable_object_retention": false,
            "encryption": [],
            "force_destroy": false,
            "hierarchical_namespace": [
              {
                "enabled": false
              }
            ],
            "id": "srinidhisivakumar-com-portfolio",
            "labels": {},
            "lifecycle_rule": [],
            "location": "US-CENTRAL1",
            "logging": [],
            "name": "srinidhisivakumar-com-portfolio",
            "project": "terraform-460320",
            "project_number": 710931187972,
            "public_access_prevention": "inherited",
            "requester_pays": false,
            "retention_policy": [],
            "rpo": null,
            "self_link": "https://www.googleapis.com/storage/v1/b/srinidhisivakumar-com-portfolio",
            "soft_delete_policy": [
              {
                "effective_time": "2025-05-20T01:17:25.738Z",
                "retention_duration_seconds": 604800
              }
            ],
            "storage_class": "STANDARD",
            "terraform_labels": {
              "goog-terraform-provisioned": "true"
            },
            "time_created": "2025-05-20T01:17:25.738Z",
            "timeouts": null,
            "uniform_bucket_level_access": true,
            "updated": "2025-05-20T01:55:16.534Z",
            "url": "gs://srinidhisivakumar-com-portfolio",
            "versioning": [],
            "website": [
              {
                "main_page_suffix": "index.html",
                "not_found_page": "404.html"
              }
            ]
          },
          "sensitive_attributes": [],
          "private": "eyJlMmJmYjczMC1lY2FhLTExZTYtOGY4OC0zNDM2M2JjN2M0YzAiOnsiY3JlYXRlIjo2MDAwMDAwMDAwMDAsInJlYWQiOjI0MDAwMDAwMDAwMCwidXBkYXRlIjoyNDAwMDAwMDAwMDB9LCJzY2hlbWFfdmVyc2lvbiI6IjMifQ=="
        }
      ]
    }
  ],
  "check_results": null
}
